
Microsoft Visual Studio Solution File, Format Version 12.00
# Visual Studio Version 17
VisualStudioVersion = 17.14.36202.13 d17.14
MinimumVisualStudioVersion = 10.0.40219.1
Project("{FAE04EC0-301F-11D3-BF4B-00C04F79EFBC}") = "Ace-Turf-Backend", "Ace-Turf-Backend.csproj", "{92D43335-5DF1-49B6-B58D-D402994B6F94}"
EndProject
Global
	GlobalSection(SolutionConfigurationPlatforms) = preSolution
		Debug|Any CPU = Debug|Any CPU
		Release|Any CPU = Release|Any CPU
	EndGlobalSection
	GlobalSection(ProjectConfigurationPlatforms) = postSolution
		{92D43335-5DF1-49B6-B58D-D402994B6F94}.Debug|Any CPU.ActiveCfg = Debug|Any CPU
		{92D43335-5DF1-49B6-B58D-D402994B6F94}.Debug|Any CPU.Build.0 = Debug|Any CPU
		{92D43335-5DF1-49B6-B58D-D402994B6F94}.Release|Any CPU.ActiveCfg = Release|Any CPU
		{92D43335-5DF1-49B6-B58D-D402994B6F94}.Release|Any CPU.Build.0 = Release|Any CPU
	EndGlobalSection
	GlobalSection(SolutionProperties) = preSolution
		HideSolutionNode = FALSE
	EndGlobalSection
	GlobalSection(ExtensibilityGlobals) = postSolution
		SolutionGuid = {C8E8B00C-6166-4E5D-85C0-5DE07B17907F}
	EndGlobalSection
EndGlobal
